// !$*UTF8*$!
{
	archiveVersion = 1;
	classes = {
	};
	objectVersion = 48;
	objects = {

/* Begin PBXBuildFile section */
		FBBF2ADA1FA259D900233A1B /* AppDelegate.swift in Sources */ = {isa = PBXBuildFile; fileRef = FBBF2AD91FA259D900233A1B /* AppDelegate.swift */; };
		FBBF2ADC1FA259D900233A1B /* ViewController.swift in Sources */ = {isa = PBXBuildFile; fileRef = FBBF2ADB1FA259D900233A1B /* ViewController.swift */; };
		FBBF2ADF1FA259D900233A1B /* Main.storyboard in Resources */ = {isa = PBXBuildFile; fileRef = FBBF2ADD1FA259D900233A1B /* Main.storyboard */; };
		FBBF2AE11FA259D900233A1B /* Assets.xcassets in Resources */ = {isa = PBXBuildFile; fileRef = FBBF2AE01FA259D900233A1B /* Assets.xcassets */; };
		FBBF2AE41FA259D900233A1B /* LaunchScreen.storyboard in Resources */ = {isa = PBXBuildFile; fileRef = FBBF2AE21FA259D900233A1B /* LaunchScreen.storyboard */; };
/* End PBXBuildFile section */

/* Begin PBXFileReference section */
		FBBF2AD61FA259D900233A1B /* CSP_NoahUffens.app */ = {isa = PBXFileReference; explicitFileType = wrapper.application; includeInIndex = 0; path = CSP_NoahUffens.app; sourceTree = BUILT_PRODUCTS_DIR; };
		FBBF2AD91FA259D900233A1B /* AppDelegate.swift */ = {isa = PBXFileReference; lastKnownFileType = sourcecode.swift; path = AppDelegate.swift; sourceTree = "<group>"; };
		FBBF2ADB1FA259D900233A1B /* ViewController.swift */ = {isa = PBXFileReference; lastKnownFileType = sourcecode.swift; path = ViewController.swift; sourceTree = "<group>"; };
		FBBF2ADE1FA259D900233A1B /* Base */ = {isa = PBXFileReference; lastKnownFileType = file.storyboard; name = Base; path = Base.lproj/Main.storyboard; sourceTree = "<group>"; };
		FBBF2AE01FA259D900233A1B /* Assets.xcassets */ = {isa = PBXFileReference; lastKnownFileType = folder.assetcatalog; path = Assets.xcassets; sourceTree = "<group>"; };
		FBBF2AE31FA259D900233A1B /* Base */ = {isa = PBXFileReference; lastKnownFileType = file.storyboard; name = Base; path = Base.lproj/LaunchScreen.storyboard; sourceTree = "<group>"; };
		FBBF2AE51FA259D900233A1B /* Info.plist */ = {isa = PBXFileReference; lastKnownFileType = text.plist.xml; path = Info.plist; sourceTree = "<group>"; };
/* End PBXFileReference section */

/* Begin PBXFrameworksBuildPhase section */
		FBBF2AD31FA259D900233A1B /* Frameworks */ = {
			isa = PBXFrameworksBuildPhase;
			buildActionMask = 2147483647;
			files = (
			);
			runOnlyForDeploymentPostprocessing = 0;
		};
/* End PBXFrameworksBuildPhase section */

/* Begin PBXGroup section */
		FBBF2ACD1FA259D900233A1B = {
			isa = PBXGroup;
			children = (
				FBBF2AD81FA259D900233A1B /* CSP_NoahUffens */,
				FBBF2AD71FA259D900233A1B /* Products */,
			);
			sourceTree = "<group>";
		};
		FBBF2AD71FA259D900233A1B /* Products */ = {
			isa = PBXGroup;
			children = (
				FBBF2AD61FA259D900233A1B /* CSP_NoahUffens.app */,
			);
			name = Products;
			sourceTree = "<group>";
		};
		FBBF2AD81FA259D900233A1B /* CSP_NoahUffens */ = {
			isa = PBXGroup;
			children = (
				FBBF2AD91FA259D900233A1B /* AppDelegate.swift */,
				FBBF2ADB1FA259D900233A1B /* ViewController.swift */,
				FBBF2ADD1FA259D900233A1B /* Main.storyboard */,
				FBBF2AE01FA259D900233A1B /* Assets.xcassets */,
				FBBF2AE21FA259D900233A1B /* LaunchScreen.storyboard */,
				FBBF2AE51FA259D900233A1B /* Info.plist */,
			);
			path = CSP_NoahUffens;
			sourceTree = "<group>";
		};
/* End PBXGroup section */

/* Begin PBXNativeTarget section */
		FBBF2AD51FA259D900233A1B /* CSP_NoahUffens */ = {
			isa = PBXNativeTarget;
			buildConfigurationList = FBBF2AE81FA259D900233A1B /* Build configuration list for PBXNativeTarget "CSP_NoahUffens" */;
			buildPhases = (
				FBBF2AD21FA259D900233A1B /* Sources */,
				FBBF2AD31FA259D900233A1B /* Frameworks */,
				FBBF2AD41FA259D900233A1B /* Resources */,
			);
			buildRules = (
			);
			dependencies = (
			);
			name = CSP_NoahUffens;
			productName = CSP_NoahUffens;
			productReference = FBBF2AD61FA259D900233A1B /* CSP_NoahUffens.app */;
			productType = "com.apple.product-type.application";
		};
/* End PBXNativeTarget section */

/* Begin PBXProject section */
		FBBF2ACE1FA259D900233A1B /* Project object */ = {
			isa = PBXProject;
			attributes = {
				LastSwiftUpdateCheck = 0900;
				LastUpgradeCheck = 0900;
				ORGANIZATIONNAME = "Uffens, Noah";
				TargetAttributes = {
					FBBF2AD51FA259D900233A1B = {
						CreatedOnToolsVersion = 9.0;
						ProvisioningStyle = Automatic;
					};
				};
			};
			buildConfigurationList = FBBF2AD11FA259D900233A1B /* Build configuration list for PBXProject "CSP_NoahUffens" */;
			compatibilityVersion = "Xcode 8.0";
			developmentRegion = en;
			hasScannedForEncodings = 0;
			knownRegions = (
				en,
				Base,
			);
			mainGroup = FBBF2ACD1FA259D900233A1B;
			productRefGroup = FBBF2AD71FA259D900233A1B /* Products */;
			projectDirPath = "";
			projectRoot = "";
			targets = (
				FBBF2AD51FA259D900233A1B /* CSP_NoahUffens */,
			);
		};
/* End PBXProject section */

/* Begin PBXResourcesBuildPhase section */
		FBBF2AD41FA259D900233A1B /* Resources */ = {
			isa = PBXResourcesBuildPhase;
			buildActionMask = 2147483647;
			files = (
				FBBF2AE41FA259D900233A1B /* LaunchScreen.storyboard in Resources */,
				FBBF2AE11FA259D900233A1B /* Assets.xcassets in Resources */,
				FBBF2ADF1FA259D900233A1B /* Main.storyboard in Resources */,
			);
			runOnlyForDeploymentPostprocessing = 0;
		};
/* End PBXResourcesBuildPhase section */

/* Begin PBXSourcesBuildPhase section */
		FBBF2AD21FA259D900233A1B /* Sources */ = {
			isa = PBXSourcesBuildPhase;
			buildActionMask = 2147483647;
			files = (
				FBBF2ADC1FA259D900233A1B /* ViewController.swift in Sources */,
				FBBF2ADA1FA259D900233A1B /* AppDelegate.swift in Sources */,
			);
			runOnlyForDeploymentPostprocessing = 0;
		};
/* End PBXSourcesBuildPhase section */

/* Begin PBXVariantGroup section */
		FBBF2ADD1FA259D900233A1B /* Main.storyboard */ = {
			isa = PBXVariantGroup;
			children = (
				FBBF2ADE1FA259D900233A1B /* Base */,
			);
			name = Main.storyboard;
			sourceTree = "<group>";
		};
		FBBF2AE21FA259D900233A1B /* LaunchScreen.storyboard */ = {
			isa = PBXVariantGroup;
			children = (
				FBBF2AE31FA259D900233A1B /* Base */,
			);
			name = LaunchScreen.storyboard;
			sourceTree = "<group>";
		};
/* End PBXVariantGroup section */

/* Begin XCBuildConfiguration section */
		FBBF2AE61FA259D900233A1B /* Debug */ = {
			isa = XCBuildConfiguration;
			buildSettings = {
				ALWAYS_SEARCH_USER_PATHS = NO;
				CLANG_ANALYZER_NONNULL = YES;
				CLANG_ANALYZER_NUMBER_OBJECT_CONVERSION = YES_AGGRESSIVE;
				CLANG_CXX_LANGUAGE_STANDARD = "gnu++14";
				CLANG_CXX_LIBRARY = "libc++";
				CLANG_ENABLE_MODULES = YES;
				CLANG_ENABLE_OBJC_ARC = YES;
				CLANG_WARN_BLOCK_CAPTURE_AUTORELEASING = YES;
				CLANG_WARN_BOOL_CONVERSION = YES;
				CLANG_WARN_COMMA = YES;
				CLANG_WARN_CONSTANT_CONVERSION = YES;
				CLANG_WARN_DIRECT_OBJC_ISA_USAGE = YES_ERROR;
				CLANG_WARN_DOCUMENTATION_COMMENTS = YES;
				CLANG_WARN_EMPTY_BODY = YES;
				CLANG_WARN_ENUM_CONVERSION = YES;
				CLANG_WARN_INFINITE_RECURSION = YES;
				CLANG_WARN_INT_CONVERSION = YES;
				CLANG_WARN_NON_LITERAL_NULL_CONVERSION = YES;
				CLANG_WARN_OBJC_LITERAL_CONVERSION = YES;
				CLANG_WARN_OBJC_ROOT_CLASS = YES_ERROR;
				CLANG_WARN_RANGE_LOOP_ANALYSIS = YES;
				CLANG_WARN_STRICT_PROTOTYPES = YES;
				CLANG_WARN_SUSPICIOUS_MOVE = YES;
				CLANG_WARN_UNGUARDED_AVAILABILITY = YES_AGGRESSIVE;
				CLANG_WARN_UNREACHABLE_CODE = YES;
				CLANG_WARN__DUPLICATE_METHOD_MATCH = YES;
				CODE_SIGN_IDENTITY = "iPhone Developer";
				COPY_PHASE_STRIP = NO;
				DEBUG_INFORMATION_FORMAT = dwarf;
				ENABLE_STRICT_OBJC_MSGSEND = YES;
				ENABLE_TESTABILITY = YES;
				GCC_C_LANGUAGE_STANDARD = gnu11;
				GCC_DYNAMIC_NO_PIC = NO;
				GCC_NO_COMMON_BLOCKS = YES;
				GCC_OPTIMIZATION_LEVEL = 0;
				GCC_PREPROCESSOR_DEFINITIONS = (
					"DEBUG=1",
					"$(inherited)",
				);
				GCC_WARN_64_TO_32_BIT_CONVERSION = YES;
				GCC_WARN_ABOUT_RETURN_TYPE = YES_ERROR;
				GCC_WARN_UNDECLARED_SELECTOR = YES;
				GCC_WARN_UNINITIALIZED_AUTOS = YES_AGGRESSIVE;
				GCC_WARN_UNUSED_FUNCTION = YES;
				GCC_WARN_UNUSED_VARIABLE = YES;
				IPHONEOS_DEPLOYMENT_TARGET = 11.0;
				MTL_ENABLE_DEBUG_INFO = YES;
				ONLY_ACTIVE_ARCH = YES;
				SDKROOT = iphoneos;
				SWIFT_ACTIVE_COMPILATION_CONDITIONS = DEBUG;
				SWIFT_OPTIMIZATION_LEVEL = "-Onone";
			};
			name = Debug;
		};
		FBBF2AE71FA259D900233A1B /* Release */ = {
			isa = XCBuildConfiguration;
			buildSettings = {
				ALWAYS_SEARCH_USER_PATHS = NO;
				CLANG_ANALYZER_NONNULL = YES;
				CLANG_ANALYZER_NUMBER_OBJECT_CONVERSION = YES_AGGRESSIVE;
				CLANG_CXX_LANGUAGE_STANDARD = "gnu++14";
				CLANG_CXX_LIBRARY = "libc++";
				CLANG_ENABLE_MODULES = YES;
				CLANG_ENABLE_OBJC_ARC = YES;
				CLANG_WARN_BLOCK_CAPTURE_AUTORELEASING = YES;
				CLANG_WARN_BOOL_CONVERSION = YES;
				CLANG_WARN_COMMA = YES;
				CLANG_WARN_CONSTANT_CONVERSION = YES;
				CLANG_WARN_DIRECT_OBJC_ISA_USAGE = YES_ERROR;
				CLANG_WARN_DOCUMENTATION_COMMENTS = YES;
				CLANG_WARN_EMPTY_BODY = YES;
				CLANG_WARN_ENUM_CONVERSION = YES;
				CLANG_WARN_INFINITE_RECURSION = YES;
				CLANG_WARN_INT_CONVERSION = YES;
				CLANG_WARN_NON_LITERAL_NULL_CONVERSION = YES;
				CLANG_WARN_OBJC_LITERAL_CONVERSION = YES;
				CLANG_WARN_OBJC_ROOT_CLASS = YES_ERROR;
				CLANG_WARN_RANGE_LOOP_ANALYSIS = YES;
				CLANG_WARN_STRICT_PROTOTYPES = YES;
				CLANG_WARN_SUSPICIOUS_MOVE = YES;
				CLANG_WARN_UNGUARDED_AVAILABILITY = YES_AGGRESSIVE;
				CLANG_WARN_UNREACHABLE_CODE = YES;
				CLANG_WARN__DUPLICATE_METHOD_MATCH = YES;
				CODE_SIGN_IDENTITY = "iPhone Developer";
				COPY_PHASE_STRIP = NO;
				DEBUG_INFORMATION_FORMAT = "dwarf-with-dsym";
				ENABLE_NS_ASSERTIONS = NO;
				ENABLE_STRICT_OBJC_MSGSEND = YES;
				GCC_C_LANGUAGE_STANDARD = gnu11;
				GCC_NO_COMMON_BLOCKS = YES;
				GCC_WARN_64_TO_32_BIT_CONVERSION = YES;
				GCC_WARN_ABOUT_RETURN_TYPE = YES_ERROR;
				GCC_WARN_UNDECLARED_SELECTOR = YES;
				GCC_WARN_UNINITIALIZED_AUTOS = YES_AGGRESSIVE;
				GCC_WARN_UNUSED_FUNCTION = YES;
				GCC_WARN_UNUSED_VARIABLE = YES;
				IPHONEOS_DEPLOYMENT_TARGET = 11.0;
				MTL_ENABLE_DEBUG_INFO = NO;
				SDKROOT = iphoneos;
				SWIFT_OPTIMIZATION_LEVEL = "-Owholemodule";
				VALIDATE_PRODUCT = YES;
			};
			name = Release;
		};
		FBBF2AE91FA259D900233A1B /* Debug */ = {
			isa = XCBuildConfiguration;
			buildSettings = {
				ASSETCATALOG_COMPILER_APPICON_NAME = AppIcon;
				CODE_SIGN_STYLE = Automatic;
				INFOPLIST_FILE = CSP_NoahUffens/Info.plist;
				LD_RUNPATH_SEARCH_PATHS = "$(inherited) @executable_path/Frameworks";
				PRODUCT_BUNDLE_IDENTIFIER = "CTEC.CSP-NoahUffens";
				PRODUCT_NAME = "$(TARGET_NAME)";
				SWIFT_VERSION = 4.0;
				TARGETED_DEVICE_FAMILY = "1,2";
			};
			name = Debug;
		};
		FBBF2AEA1FA259D900233A1B /* Release */ = {
			isa = XCBuildConfiguration;
			buildSettings = {
				ASSETCATALOG_COMPILER_APPICON_NAME = AppIcon;
				CODE_SIGN_STYLE = Automatic;
				INFOPLIST_FILE = CSP_NoahUffens/Info.plist;
				LD_RUNPATH_SEARCH_PATHS = "$(inherited) @executable_path/Frameworks";
				PRODUCT_BUNDLE_IDENTIFIER = "CTEC.CSP-NoahUffens";
				PRODUCT_NAME = "$(TARGET_NAME)";
				SWIFT_VERSION = 4.0;
				TARGETED_DEVICE_FAMILY = "1,2";
			};
			name = Release;
		};
/* End XCBuildConfiguration section */

/* Begin XCConfigurationList section */
		FBBF2AD11FA259D900233A1B /* Build configuration list for PBXProject "CSP_NoahUffens" */ = {
			isa = XCConfigurationList;
			buildConfigurations = (
				FBBF2AE61FA259D900233A1B /* Debug */,
				FBBF2AE71FA259D900233A1B /* Release */,
			);
			defaultConfigurationIsVisible = 0;
			defaultConfigurationName = Release;
		};
		FBBF2AE81FA259D900233A1B /* Build configuration list for PBXNativeTarget "CSP_NoahUffens" */ = {
			isa = XCConfigurationList;
			buildConfigurations = (
				FBBF2AE91FA259D900233A1B /* Debug */,
				FBBF2AEA1FA259D900233A1B /* Release */,
			);
			defaultConfigurationIsVisible = 0;
			defaultConfigurationName = Release;
		};
/* End XCConfigurationList section */
	};
	rootObject = FBBF2ACE1FA259D900233A1B /* Project object */;
}
